# THIS IS AN AUTOGENERATED FILE. DO NOT EDIT THIS FILE DIRECTLY.
# yarn lockfile v1


"@types/node@^10.9.4":
  version "10.9.4"
  resolved "https://registry.yarnpkg.com/@types/node/-/node-10.9.4.tgz#0f4cb2dc7c1de6096055357f70179043c33e9897"

cb2promise@~1.1.0:
  version "1.1.0"
  resolved "https://registry.yarnpkg.com/cb2promise/-/cb2promise-1.1.0.tgz#40c8fc494f97fae9ee0c613ff0c4b8b354c54f67"
  dependencies:
    mimic-fn "~1.1.0"
    sliced "~1.0.1"

commander@^2.18.0:
  version "2.18.0"
  resolved "https://registry.yarnpkg.com/commander/-/commander-2.18.0.tgz#2bf063ddee7c7891176981a2cc798e5754bc6970"

dasm@^5.0.1:
  version "5.0.1"
  resolved "https://registry.yarnpkg.com/dasm/-/dasm-5.0.1.tgz#51477f618c2a358694f60d3944e6d7bc21fe5f3c"
  dependencies:
    path "^0.12.7"

exists-file@^3.0.2:
  version "3.0.2"
  resolved "https://registry.yarnpkg.com/exists-file/-/exists-file-3.0.2.tgz#8adfd3b32529302f2e61690b296789f8abd90edf"
  dependencies:
    cb2promise "~1.1.0"

inherits@2.0.3:
  version "2.0.3"
  resolved "https://registry.yarnpkg.com/inherits/-/inherits-2.0.3.tgz#633c2c83e3da42a502f52466022480f4208261de"

linqable.ts@^1.7.15-0:
  version "1.7.15-0"
  resolved "https://registry.yarnpkg.com/linqable.ts/-/linqable.ts-1.7.15-0.tgz#4fed826b8e66b62517061b159ef5994677ead688"

mimic-fn@~1.1.0:
  version "1.1.0"
  resolved "https://registry.yarnpkg.com/mimic-fn/-/mimic-fn-1.1.0.tgz#e667783d92e89dbd342818b5230b9d62a672ad18"

path@^0.12.7:
  version "0.12.7"
  resolved "https://registry.yarnpkg.com/path/-/path-0.12.7.tgz#d4dc2a506c4ce2197eb481ebfcd5b36c0140b10f"
  dependencies:
    process "^0.11.1"
    util "^0.10.3"

process@^0.11.1:
  version "0.11.10"
  resolved "https://registry.yarnpkg.com/process/-/process-0.11.10.tgz#7332300e840161bda3e69a1d1d91a7d4bc16f182"

sliced@~1.0.1:
  version "1.0.1"
  resolved "https://registry.yarnpkg.com/sliced/-/sliced-1.0.1.tgz#0b3a662b5d04c3177b1926bea82b03f837a2ef41"

typescript@^3.0.3:
  version "3.0.3"
  resolved "https://registry.yarnpkg.com/typescript/-/typescript-3.0.3.tgz#4853b3e275ecdaa27f78fda46dc273a7eb7fc1c8"

util@^0.10.3:
  version "0.10.4"
  resolved "https://registry.yarnpkg.com/util/-/util-0.10.4.tgz#3aa0125bfe668a4672de58857d3ace27ecb76901"
  dependencies:
    inherits "2.0.3"
